// !$*UTF8*$!
{
	archiveVersion = 1;
	classes = {
	};
	objectVersion = 55;
	objects = {

/* Begin PBXBuildFile section */
		A74180F427A53CFD00B4ED63 /* AppDelegate.swift in Sources */ = {isa = PBXBuildFile; fileRef = A74180F327A53CFD00B4ED63 /* AppDelegate.swift */; };
		A74180F627A53CFD00B4ED63 /* SceneDelegate.swift in Sources */ = {isa = PBXBuildFile; fileRef = A74180F527A53CFD00B4ED63 /* SceneDelegate.swift */; };
		A74180FB27A53CFD00B4ED63 /* MainStoryboard.storyboard in Resources */ = {isa = PBXBuildFile; fileRef = A74180F927A53CFD00B4ED63 /* MainStoryboard.storyboard */; };
		A74180FD27A53CFE00B4ED63 /* Assets.xcassets in Resources */ = {isa = PBXBuildFile; fileRef = A74180FC27A53CFE00B4ED63 /* Assets.xcassets */; };
		A741810027A53CFE00B4ED63 /* LaunchScreen.storyboard in Resources */ = {isa = PBXBuildFile; fileRef = A74180FE27A53CFE00B4ED63 /* LaunchScreen.storyboard */; };
		A741810827A53DCF00B4ED63 /* VerificationServiceVC.swift in Sources */ = {isa = PBXBuildFile; fileRef = A741810727A53DCF00B4ED63 /* VerificationServiceVC.swift */; };
		A741810B27A53E3600B4ED63 /* CreateAccountVC.swift in Sources */ = {isa = PBXBuildFile; fileRef = A741810A27A53E3600B4ED63 /* CreateAccountVC.swift */; };
		A741810D27A53E5000B4ED63 /* CodeVerificationVC.swift in Sources */ = {isa = PBXBuildFile; fileRef = A741810C27A53E5000B4ED63 /* CodeVerificationVC.swift */; };
		A741810F27A53E6B00B4ED63 /* WelcomeVC.swift in Sources */ = {isa = PBXBuildFile; fileRef = A741810E27A53E6B00B4ED63 /* WelcomeVC.swift */; };
		A741811227A53EC100B4ED63 /* SignInVC.swift in Sources */ = {isa = PBXBuildFile; fileRef = A741811127A53EC000B4ED63 /* SignInVC.swift */; };
		A741811527A53F0200B4ED63 /* SignInStoryboard.storyboard in Resources */ = {isa = PBXBuildFile; fileRef = A741811427A53F0200B4ED63 /* SignInStoryboard.storyboard */; };
		A741811727A53F1F00B4ED63 /* SignUpStoryboard.storyboard in Resources */ = {isa = PBXBuildFile; fileRef = A741811627A53F1F00B4ED63 /* SignUpStoryboard.storyboard */; };
		A741811B27A53FA600B4ED63 /* Constants.swift in Sources */ = {isa = PBXBuildFile; fileRef = A741811A27A53FA600B4ED63 /* Constants.swift */; };
/* End PBXBuildFile section */

/* Begin PBXFileReference section */
		A74180F027A53CFD00B4ED63 /* RegistrationApp.app */ = {isa = PBXFileReference; explicitFileType = wrapper.application; includeInIndex = 0; path = RegistrationApp.app; sourceTree = BUILT_PRODUCTS_DIR; };
		A74180F327A53CFD00B4ED63 /* AppDelegate.swift */ = {isa = PBXFileReference; lastKnownFileType = sourcecode.swift; path = AppDelegate.swift; sourceTree = "<group>"; };
		A74180F527A53CFD00B4ED63 /* SceneDelegate.swift */ = {isa = PBXFileReference; lastKnownFileType = sourcecode.swift; path = SceneDelegate.swift; sourceTree = "<group>"; };
		A74180FA27A53CFD00B4ED63 /* Base */ = {isa = PBXFileReference; lastKnownFileType = file.storyboard; name = Base; path = Base.lproj/MainStoryboard.storyboard; sourceTree = "<group>"; };
		A74180FC27A53CFE00B4ED63 /* Assets.xcassets */ = {isa = PBXFileReference; lastKnownFileType = folder.assetcatalog; path = Assets.xcassets; sourceTree = "<group>"; };
		A74180FF27A53CFE00B4ED63 /* Base */ = {isa = PBXFileReference; lastKnownFileType = file.storyboard; name = Base; path = Base.lproj/LaunchScreen.storyboard; sourceTree = "<group>"; };
		A741810127A53CFE00B4ED63 /* Info.plist */ = {isa = PBXFileReference; lastKnownFileType = text.plist.xml; path = Info.plist; sourceTree = "<group>"; };
		A741810727A53DCF00B4ED63 /* VerificationServiceVC.swift */ = {isa = PBXFileReference; lastKnownFileType = sourcecode.swift; path = VerificationServiceVC.swift; sourceTree = "<group>"; };
		A741810A27A53E3600B4ED63 /* CreateAccountVC.swift */ = {isa = PBXFileReference; lastKnownFileType = sourcecode.swift; path = CreateAccountVC.swift; sourceTree = "<group>"; };
		A741810C27A53E5000B4ED63 /* CodeVerificationVC.swift */ = {isa = PBXFileReference; lastKnownFileType = sourcecode.swift; path = CodeVerificationVC.swift; sourceTree = "<group>"; };
		A741810E27A53E6B00B4ED63 /* WelcomeVC.swift */ = {isa = PBXFileReference; lastKnownFileType = sourcecode.swift; path = WelcomeVC.swift; sourceTree = "<group>"; };
		A741811127A53EC000B4ED63 /* SignInVC.swift */ = {isa = PBXFileReference; lastKnownFileType = sourcecode.swift; path = SignInVC.swift; sourceTree = "<group>"; };
		A741811427A53F0200B4ED63 /* SignInStoryboard.storyboard */ = {isa = PBXFileReference; lastKnownFileType = file.storyboard; path = SignInStoryboard.storyboard; sourceTree = "<group>"; };
		A741811627A53F1F00B4ED63 /* SignUpStoryboard.storyboard */ = {isa = PBXFileReference; lastKnownFileType = file.storyboard; path = SignUpStoryboard.storyboard; sourceTree = "<group>"; };
		A741811A27A53FA600B4ED63 /* Constants.swift */ = {isa = PBXFileReference; lastKnownFileType = sourcecode.swift; path = Constants.swift; sourceTree = "<group>"; };
/* End PBXFileReference section */

/* Begin PBXFrameworksBuildPhase section */
		A74180ED27A53CFD00B4ED63 /* Frameworks */ = {
			isa = PBXFrameworksBuildPhase;
			buildActionMask = 2147483647;
			files = (
			);
			runOnlyForDeploymentPostprocessing = 0;
		};
/* End PBXFrameworksBuildPhase section */

/* Begin PBXGroup section */
		A74180E727A53CFD00B4ED63 = {
			isa = PBXGroup;
			children = (
				A74180F227A53CFD00B4ED63 /* RegistrationApp */,
				A74180F127A53CFD00B4ED63 /* Products */,
			);
			sourceTree = "<group>";
		};
		A74180F127A53CFD00B4ED63 /* Products */ = {
			isa = PBXGroup;
			children = (
				A74180F027A53CFD00B4ED63 /* RegistrationApp.app */,
			);
			name = Products;
			sourceTree = "<group>";
		};
		A74180F227A53CFD00B4ED63 /* RegistrationApp */ = {
			isa = PBXGroup;
			children = (
				A741811827A53F4200B4ED63 /* Views */,
				A741811D27A540D900B4ED63 /* Controllers */,
				A741810927A53DEC00B4ED63 /* Services */,
				A741811C27A5405D00B4ED63 /* Sources */,
				A741811927A53F6E00B4ED63 /* App */,
				A741810127A53CFE00B4ED63 /* Info.plist */,
			);
			path = RegistrationApp;
			sourceTree = "<group>";
		};
		A741810927A53DEC00B4ED63 /* Services */ = {
			isa = PBXGroup;
			children = (
				A741810727A53DCF00B4ED63 /* VerificationServiceVC.swift */,
			);
			path = Services;
			sourceTree = "<group>";
		};
		A741811027A53E9100B4ED63 /* SignUpControllers */ = {
			isa = PBXGroup;
			children = (
				A741810E27A53E6B00B4ED63 /* WelcomeVC.swift */,
				A741810C27A53E5000B4ED63 /* CodeVerificationVC.swift */,
				A741810A27A53E3600B4ED63 /* CreateAccountVC.swift */,
			);
			path = SignUpControllers;
			sourceTree = "<group>";
		};
		A741811327A53EC900B4ED63 /* SignInControllers */ = {
			isa = PBXGroup;
			children = (
				A741811127A53EC000B4ED63 /* SignInVC.swift */,
			);
			path = SignInControllers;
			sourceTree = "<group>";
		};
		A741811827A53F4200B4ED63 /* Views */ = {
			isa = PBXGroup;
			children = (
				A741811627A53F1F00B4ED63 /* SignUpStoryboard.storyboard */,
				A741811427A53F0200B4ED63 /* SignInStoryboard.storyboard */,
				A74180F927A53CFD00B4ED63 /* MainStoryboard.storyboard */,
				A74180FE27A53CFE00B4ED63 /* LaunchScreen.storyboard */,
			);
			path = Views;
			sourceTree = "<group>";
		};
		A741811927A53F6E00B4ED63 /* App */ = {
			isa = PBXGroup;
			children = (
				A74180F327A53CFD00B4ED63 /* AppDelegate.swift */,
				A74180F527A53CFD00B4ED63 /* SceneDelegate.swift */,
			);
			path = App;
			sourceTree = "<group>";
		};
		A741811C27A5405D00B4ED63 /* Sources */ = {
			isa = PBXGroup;
			children = (
				A74180FC27A53CFE00B4ED63 /* Assets.xcassets */,
				A741811A27A53FA600B4ED63 /* Constants.swift */,
			);
			path = Sources;
			sourceTree = "<group>";
		};
		A741811D27A540D900B4ED63 /* Controllers */ = {
			isa = PBXGroup;
			children = (
				A741811327A53EC900B4ED63 /* SignInControllers */,
				A741811027A53E9100B4ED63 /* SignUpControllers */,
			);
			path = Controllers;
			sourceTree = "<group>";
		};
/* End PBXGroup section */

/* Begin PBXNativeTarget section */
		A74180EF27A53CFD00B4ED63 /* RegistrationApp */ = {
			isa = PBXNativeTarget;
			buildConfigurationList = A741810427A53CFE00B4ED63 /* Build configuration list for PBXNativeTarget "RegistrationApp" */;
			buildPhases = (
				A74180EC27A53CFD00B4ED63 /* Sources */,
				A74180ED27A53CFD00B4ED63 /* Frameworks */,
				A74180EE27A53CFD00B4ED63 /* Resources */,
			);
			buildRules = (
			);
			dependencies = (
			);
			name = RegistrationApp;
			productName = RegistrationApp;
			productReference = A74180F027A53CFD00B4ED63 /* RegistrationApp.app */;
			productType = "com.apple.product-type.application";
		};
/* End PBXNativeTarget section */

/* Begin PBXProject section */
		A74180E827A53CFD00B4ED63 /* Project object */ = {
			isa = PBXProject;
			attributes = {
				BuildIndependentTargetsInParallel = 1;
				LastSwiftUpdateCheck = 1320;
				LastUpgradeCheck = 1320;
				TargetAttributes = {
					A74180EF27A53CFD00B4ED63 = {
						CreatedOnToolsVersion = 13.2.1;
					};
				};
			};
			buildConfigurationList = A74180EB27A53CFD00B4ED63 /* Build configuration list for PBXProject "RegistrationApp" */;
			compatibilityVersion = "Xcode 13.0";
			developmentRegion = en;
			hasScannedForEncodings = 0;
			knownRegions = (
				en,
				Base,
			);
			mainGroup = A74180E727A53CFD00B4ED63;
			productRefGroup = A74180F127A53CFD00B4ED63 /* Products */;
			projectDirPath = "";
			projectRoot = "";
			targets = (
				A74180EF27A53CFD00B4ED63 /* RegistrationApp */,
			);
		};
/* End PBXProject section */

/* Begin PBXResourcesBuildPhase section */
		A74180EE27A53CFD00B4ED63 /* Resources */ = {
			isa = PBXResourcesBuildPhase;
			buildActionMask = 2147483647;
			files = (
				A741811727A53F1F00B4ED63 /* SignUpStoryboard.storyboard in Resources */,
				A741810027A53CFE00B4ED63 /* LaunchScreen.storyboard in Resources */,
				A74180FD27A53CFE00B4ED63 /* Assets.xcassets in Resources */,
				A74180FB27A53CFD00B4ED63 /* MainStoryboard.storyboard in Resources */,
				A741811527A53F0200B4ED63 /* SignInStoryboard.storyboard in Resources */,
			);
			runOnlyForDeploymentPostprocessing = 0;
		};
/* End PBXResourcesBuildPhase section */

/* Begin PBXSourcesBuildPhase section */
		A74180EC27A53CFD00B4ED63 /* Sources */ = {
			isa = PBXSourcesBuildPhase;
			buildActionMask = 2147483647;
			files = (
				A741810D27A53E5000B4ED63 /* CodeVerificationVC.swift in Sources */,
				A741810827A53DCF00B4ED63 /* VerificationServiceVC.swift in Sources */,
				A741811227A53EC100B4ED63 /* SignInVC.swift in Sources */,
				A74180F427A53CFD00B4ED63 /* AppDelegate.swift in Sources */,
				A741810B27A53E3600B4ED63 /* CreateAccountVC.swift in Sources */,
				A741810F27A53E6B00B4ED63 /* WelcomeVC.swift in Sources */,
				A74180F627A53CFD00B4ED63 /* SceneDelegate.swift in Sources */,
				A741811B27A53FA600B4ED63 /* Constants.swift in Sources */,
			);
			runOnlyForDeploymentPostprocessing = 0;
		};
/* End PBXSourcesBuildPhase section */

/* Begin PBXVariantGroup section */
		A74180F927A53CFD00B4ED63 /* MainStoryboard.storyboard */ = {
			isa = PBXVariantGroup;
			children = (
				A74180FA27A53CFD00B4ED63 /* Base */,
			);
			name = MainStoryboard.storyboard;
			sourceTree = "<group>";
		};
		A74180FE27A53CFE00B4ED63 /* LaunchScreen.storyboard */ = {
			isa = PBXVariantGroup;
			children = (
				A74180FF27A53CFE00B4ED63 /* Base */,
			);
			name = LaunchScreen.storyboard;
			sourceTree = "<group>";
		};
/* End PBXVariantGroup section */

/* Begin XCBuildConfiguration section */
		A741810227A53CFE00B4ED63 /* Debug */ = {
			isa = XCBuildConfiguration;
			buildSettings = {
				ALWAYS_SEARCH_USER_PATHS = NO;
				CLANG_ANALYZER_NONNULL = YES;
				CLANG_ANALYZER_NUMBER_OBJECT_CONVERSION = YES_AGGRESSIVE;
				CLANG_CXX_LANGUAGE_STANDARD = "gnu++17";
				CLANG_CXX_LIBRARY = "libc++";
				CLANG_ENABLE_MODULES = YES;
				CLANG_ENABLE_OBJC_ARC = YES;
				CLANG_ENABLE_OBJC_WEAK = YES;
				CLANG_WARN_BLOCK_CAPTURE_AUTORELEASING = YES;
				CLANG_WARN_BOOL_CONVERSION = YES;
				CLANG_WARN_COMMA = YES;
				CLANG_WARN_CONSTANT_CONVERSION = YES;
				CLANG_WARN_DEPRECATED_OBJC_IMPLEMENTATIONS = YES;
				CLANG_WARN_DIRECT_OBJC_ISA_USAGE = YES_ERROR;
				CLANG_WARN_DOCUMENTATION_COMMENTS = YES;
				CLANG_WARN_EMPTY_BODY = YES;
				CLANG_WARN_ENUM_CONVERSION = YES;
				CLANG_WARN_INFINITE_RECURSION = YES;
				CLANG_WARN_INT_CONVERSION = YES;
				CLANG_WARN_NON_LITERAL_NULL_CONVERSION = YES;
				CLANG_WARN_OBJC_IMPLICIT_RETAIN_SELF = YES;
				CLANG_WARN_OBJC_LITERAL_CONVERSION = YES;
				CLANG_WARN_OBJC_ROOT_CLASS = YES_ERROR;
				CLANG_WARN_QUOTED_INCLUDE_IN_FRAMEWORK_HEADER = YES;
				CLANG_WARN_RANGE_LOOP_ANALYSIS = YES;
				CLANG_WARN_STRICT_PROTOTYPES = YES;
				CLANG_WARN_SUSPICIOUS_MOVE = YES;
				CLANG_WARN_UNGUARDED_AVAILABILITY = YES_AGGRESSIVE;
				CLANG_WARN_UNREACHABLE_CODE = YES;
				CLANG_WARN__DUPLICATE_METHOD_MATCH = YES;
				COPY_PHASE_STRIP = NO;
				DEBUG_INFORMATION_FORMAT = dwarf;
				ENABLE_STRICT_OBJC_MSGSEND = YES;
				ENABLE_TESTABILITY = YES;
				GCC_C_LANGUAGE_STANDARD = gnu11;
				GCC_DYNAMIC_NO_PIC = NO;
				GCC_NO_COMMON_BLOCKS = YES;
				GCC_OPTIMIZATION_LEVEL = 0;
				GCC_PREPROCESSOR_DEFINITIONS = (
					"DEBUG=1",
					"$(inherited)",
				);
				GCC_WARN_64_TO_32_BIT_CONVERSION = YES;
				GCC_WARN_ABOUT_RETURN_TYPE = YES_ERROR;
				GCC_WARN_UNDECLARED_SELECTOR = YES;
				GCC_WARN_UNINITIALIZED_AUTOS = YES_AGGRESSIVE;
				GCC_WARN_UNUSED_FUNCTION = YES;
				GCC_WARN_UNUSED_VARIABLE = YES;
				IPHONEOS_DEPLOYMENT_TARGET = 15.2;
				MTL_ENABLE_DEBUG_INFO = INCLUDE_SOURCE;
				MTL_FAST_MATH = YES;
				ONLY_ACTIVE_ARCH = YES;
				SDKROOT = iphoneos;
				SWIFT_ACTIVE_COMPILATION_CONDITIONS = DEBUG;
				SWIFT_OPTIMIZATION_LEVEL = "-Onone";
			};
			name = Debug;
		};
		A741810327A53CFE00B4ED63 /* Release */ = {
			isa = XCBuildConfiguration;
			buildSettings = {
				ALWAYS_SEARCH_USER_PATHS = NO;
				CLANG_ANALYZER_NONNULL = YES;
				CLANG_ANALYZER_NUMBER_OBJECT_CONVERSION = YES_AGGRESSIVE;
				CLANG_CXX_LANGUAGE_STANDARD = "gnu++17";
				CLANG_CXX_LIBRARY = "libc++";
				CLANG_ENABLE_MODULES = YES;
				CLANG_ENABLE_OBJC_ARC = YES;
				CLANG_ENABLE_OBJC_WEAK = YES;
				CLANG_WARN_BLOCK_CAPTURE_AUTORELEASING = YES;
				CLANG_WARN_BOOL_CONVERSION = YES;
				CLANG_WARN_COMMA = YES;
				CLANG_WARN_CONSTANT_CONVERSION = YES;
				CLANG_WARN_DEPRECATED_OBJC_IMPLEMENTATIONS = YES;
				CLANG_WARN_DIRECT_OBJC_ISA_USAGE = YES_ERROR;
				CLANG_WARN_DOCUMENTATION_COMMENTS = YES;
				CLANG_WARN_EMPTY_BODY = YES;
				CLANG_WARN_ENUM_CONVERSION = YES;
				CLANG_WARN_INFINITE_RECURSION = YES;
				CLANG_WARN_INT_CONVERSION = YES;
				CLANG_WARN_NON_LITERAL_NULL_CONVERSION = YES;
				CLANG_WARN_OBJC_IMPLICIT_RETAIN_SELF = YES;
				CLANG_WARN_OBJC_LITERAL_CONVERSION = YES;
				CLANG_WARN_OBJC_ROOT_CLASS = YES_ERROR;
				CLANG_WARN_QUOTED_INCLUDE_IN_FRAMEWORK_HEADER = YES;
				CLANG_WARN_RANGE_LOOP_ANALYSIS = YES;
				CLANG_WARN_STRICT_PROTOTYPES = YES;
				CLANG_WARN_SUSPICIOUS_MOVE = YES;
				CLANG_WARN_UNGUARDED_AVAILABILITY = YES_AGGRESSIVE;
				CLANG_WARN_UNREACHABLE_CODE = YES;
				CLANG_WARN__DUPLICATE_METHOD_MATCH = YES;
				COPY_PHASE_STRIP = NO;
				DEBUG_INFORMATION_FORMAT = "dwarf-with-dsym";
				ENABLE_NS_ASSERTIONS = NO;
				ENABLE_STRICT_OBJC_MSGSEND = YES;
				GCC_C_LANGUAGE_STANDARD = gnu11;
				GCC_NO_COMMON_BLOCKS = YES;
				GCC_WARN_64_TO_32_BIT_CONVERSION = YES;
				GCC_WARN_ABOUT_RETURN_TYPE = YES_ERROR;
				GCC_WARN_UNDECLARED_SELECTOR = YES;
				GCC_WARN_UNINITIALIZED_AUTOS = YES_AGGRESSIVE;
				GCC_WARN_UNUSED_FUNCTION = YES;
				GCC_WARN_UNUSED_VARIABLE = YES;
				IPHONEOS_DEPLOYMENT_TARGET = 15.2;
				MTL_ENABLE_DEBUG_INFO = NO;
				MTL_FAST_MATH = YES;
				SDKROOT = iphoneos;
				SWIFT_COMPILATION_MODE = wholemodule;
				SWIFT_OPTIMIZATION_LEVEL = "-O";
				VALIDATE_PRODUCT = YES;
			};
			name = Release;
		};
		A741810527A53CFE00B4ED63 /* Debug */ = {
			isa = XCBuildConfiguration;
			buildSettings = {
				ASSETCATALOG_COMPILER_APPICON_NAME = AppIcon;
				ASSETCATALOG_COMPILER_GLOBAL_ACCENT_COLOR_NAME = AccentColor;
				CODE_SIGN_STYLE = Automatic;
				CURRENT_PROJECT_VERSION = 1;
				DEVELOPMENT_TEAM = 9VBDK94U7E;
				GENERATE_INFOPLIST_FILE = YES;
				INFOPLIST_FILE = RegistrationApp/Info.plist;
				INFOPLIST_KEY_UIApplicationSupportsIndirectInputEvents = YES;
				INFOPLIST_KEY_UILaunchStoryboardName = LaunchScreen;
				INFOPLIST_KEY_UIMainStoryboardFile = MainStoryboard;
				INFOPLIST_KEY_UISupportedInterfaceOrientations_iPad = "UIInterfaceOrientationPortrait UIInterfaceOrientationPortraitUpsideDown UIInterfaceOrientationLandscapeLeft UIInterfaceOrientationLandscapeRight";
				INFOPLIST_KEY_UISupportedInterfaceOrientations_iPhone = "UIInterfaceOrientationPortrait UIInterfaceOrientationLandscapeLeft UIInterfaceOrientationLandscapeRight";
				LD_RUNPATH_SEARCH_PATHS = (
					"$(inherited)",
					"@executable_path/Frameworks",
				);
				MARKETING_VERSION = 1.0;
				PRODUCT_BUNDLE_IDENTIFIER = valentin.RegistrationApp;
				PRODUCT_NAME = "$(TARGET_NAME)";
				SWIFT_EMIT_LOC_STRINGS = YES;
				SWIFT_VERSION = 5.0;
				TARGETED_DEVICE_FAMILY = 1;
			};
			name = Debug;
		};
		A741810627A53CFE00B4ED63 /* Release */ = {
			isa = XCBuildConfiguration;
			buildSettings = {
				ASSETCATALOG_COMPILER_APPICON_NAME = AppIcon;
				ASSETCATALOG_COMPILER_GLOBAL_ACCENT_COLOR_NAME = AccentColor;
				CODE_SIGN_STYLE = Automatic;
				CURRENT_PROJECT_VERSION = 1;
				DEVELOPMENT_TEAM = 9VBDK94U7E;
				GENERATE_INFOPLIST_FILE = YES;
				INFOPLIST_FILE = RegistrationApp/Info.plist;
				INFOPLIST_KEY_UIApplicationSupportsIndirectInputEvents = YES;
				INFOPLIST_KEY_UILaunchStoryboardName = LaunchScreen;
				INFOPLIST_KEY_UIMainStoryboardFile = MainStoryboard;
				INFOPLIST_KEY_UISupportedInterfaceOrientations_iPad = "UIInterfaceOrientationPortrait UIInterfaceOrientationPortraitUpsideDown UIInterfaceOrientationLandscapeLeft UIInterfaceOrientationLandscapeRight";
				INFOPLIST_KEY_UISupportedInterfaceOrientations_iPhone = "UIInterfaceOrientationPortrait UIInterfaceOrientationLandscapeLeft UIInterfaceOrientationLandscapeRight";
				LD_RUNPATH_SEARCH_PATHS = (
					"$(inherited)",
					"@executable_path/Frameworks",
				);
				MARKETING_VERSION = 1.0;
				PRODUCT_BUNDLE_IDENTIFIER = valentin.RegistrationApp;
				PRODUCT_NAME = "$(TARGET_NAME)";
				SWIFT_EMIT_LOC_STRINGS = YES;
				SWIFT_VERSION = 5.0;
				TARGETED_DEVICE_FAMILY = 1;
			};
			name = Release;
		};
/* End XCBuildConfiguration section */

/* Begin XCConfigurationList section */
		A74180EB27A53CFD00B4ED63 /* Build configuration list for PBXProject "RegistrationApp" */ = {
			isa = XCConfigurationList;
			buildConfigurations = (
				A741810227A53CFE00B4ED63 /* Debug */,
				A741810327A53CFE00B4ED63 /* Release */,
			);
			defaultConfigurationIsVisible = 0;
			defaultConfigurationName = Release;
		};
		A741810427A53CFE00B4ED63 /* Build configuration list for PBXNativeTarget "RegistrationApp" */ = {
			isa = XCConfigurationList;
			buildConfigurations = (
				A741810527A53CFE00B4ED63 /* Debug */,
				A741810627A53CFE00B4ED63 /* Release */,
			);
			defaultConfigurationIsVisible = 0;
			defaultConfigurationName = Release;
		};
/* End XCConfigurationList section */
	};
	rootObject = A74180E827A53CFD00B4ED63 /* Project object */;
}
